// !$*UTF8*$!
{
	archiveVersion = 1;
	classes = {
	};
	objectVersion = 46;
	objects = {

/* Begin PBXBuildFile section */
		44B4698D1E6E8B1900FDD657 /* AppDelegate.swift in Sources */ = {isa = PBXBuildFile; fileRef = 44B4698C1E6E8B1900FDD657 /* AppDelegate.swift */; };
		44B4698F1E6E8B1900FDD657 /* ViewController.swift in Sources */ = {isa = PBXBuildFile; fileRef = 44B4698E1E6E8B1900FDD657 /* ViewController.swift */; };
		44B469921E6E8B1900FDD657 /* Main.storyboard in Resources */ = {isa = PBXBuildFile; fileRef = 44B469901E6E8B1900FDD657 /* Main.storyboard */; };
		44B469941E6E8B1900FDD657 /* Assets.xcassets in Resources */ = {isa = PBXBuildFile; fileRef = 44B469931E6E8B1900FDD657 /* Assets.xcassets */; };
		44B469971E6E8B1900FDD657 /* LaunchScreen.storyboard in Resources */ = {isa = PBXBuildFile; fileRef = 44B469951E6E8B1900FDD657 /* LaunchScreen.storyboard */; };
		44B469A21E6E8B1900FDD657 /* PercentCalculatorTests.swift in Sources */ = {isa = PBXBuildFile; fileRef = 44B469A11E6E8B1900FDD657 /* PercentCalculatorTests.swift */; };
/* End PBXBuildFile section */

/* Begin PBXContainerItemProxy section */
		44B4699E1E6E8B1900FDD657 /* PBXContainerItemProxy */ = {
			isa = PBXContainerItemProxy;
			containerPortal = 44B469811E6E8B1900FDD657 /* Project object */;
			proxyType = 1;
			remoteGlobalIDString = 44B469881E6E8B1900FDD657;
			remoteInfo = PercentCalculator;
		};
/* End PBXContainerItemProxy section */

/* Begin PBXFileReference section */
		44B469891E6E8B1900FDD657 /* PercentCalculator.app */ = {isa = PBXFileReference; explicitFileType = wrapper.application; includeInIndex = 0; path = PercentCalculator.app; sourceTree = BUILT_PRODUCTS_DIR; };
		44B4698C1E6E8B1900FDD657 /* AppDelegate.swift */ = {isa = PBXFileReference; lastKnownFileType = sourcecode.swift; path = AppDelegate.swift; sourceTree = "<group>"; };
		44B4698E1E6E8B1900FDD657 /* ViewController.swift */ = {isa = PBXFileReference; lastKnownFileType = sourcecode.swift; path = ViewController.swift; sourceTree = "<group>"; };
		44B469911E6E8B1900FDD657 /* Base */ = {isa = PBXFileReference; lastKnownFileType = file.storyboard; name = Base; path = Base.lproj/Main.storyboard; sourceTree = "<group>"; };
		44B469931E6E8B1900FDD657 /* Assets.xcassets */ = {isa = PBXFileReference; lastKnownFileType = folder.assetcatalog; path = Assets.xcassets; sourceTree = "<group>"; };
		44B469961E6E8B1900FDD657 /* Base */ = {isa = PBXFileReference; lastKnownFileType = file.storyboard; name = Base; path = Base.lproj/LaunchScreen.storyboard; sourceTree = "<group>"; };
		44B469981E6E8B1900FDD657 /* Info.plist */ = {isa = PBXFileReference; lastKnownFileType = text.plist.xml; path = Info.plist; sourceTree = "<group>"; };
		44B4699D1E6E8B1900FDD657 /* PercentCalculatorTests.xctest */ = {isa = PBXFileReference; explicitFileType = wrapper.cfbundle; includeInIndex = 0; path = PercentCalculatorTests.xctest; sourceTree = BUILT_PRODUCTS_DIR; };
		44B469A11E6E8B1900FDD657 /* PercentCalculatorTests.swift */ = {isa = PBXFileReference; lastKnownFileType = sourcecode.swift; path = PercentCalculatorTests.swift; sourceTree = "<group>"; };
		44B469A31E6E8B1900FDD657 /* Info.plist */ = {isa = PBXFileReference; lastKnownFileType = text.plist.xml; path = Info.plist; sourceTree = "<group>"; };
/* End PBXFileReference section */

/* Begin PBXFrameworksBuildPhase section */
		44B469861E6E8B1900FDD657 /* Frameworks */ = {
			isa = PBXFrameworksBuildPhase;
			buildActionMask = 2147483647;
			files = (
			);
			runOnlyForDeploymentPostprocessing = 0;
		};
		44B4699A1E6E8B1900FDD657 /* Frameworks */ = {
			isa = PBXFrameworksBuildPhase;
			buildActionMask = 2147483647;
			files = (
			);
			runOnlyForDeploymentPostprocessing = 0;
		};
/* End PBXFrameworksBuildPhase section */

/* Begin PBXGroup section */
		44B469801E6E8B1900FDD657 = {
			isa = PBXGroup;
			children = (
				44B4698B1E6E8B1900FDD657 /* PercentCalculator */,
				44B469A01E6E8B1900FDD657 /* PercentCalculatorTests */,
				44B4698A1E6E8B1900FDD657 /* Products */,
			);
			sourceTree = "<group>";
		};
		44B4698A1E6E8B1900FDD657 /* Products */ = {
			isa = PBXGroup;
			children = (
				44B469891E6E8B1900FDD657 /* PercentCalculator.app */,
				44B4699D1E6E8B1900FDD657 /* PercentCalculatorTests.xctest */,
			);
			name = Products;
			sourceTree = "<group>";
		};
		44B4698B1E6E8B1900FDD657 /* PercentCalculator */ = {
			isa = PBXGroup;
			children = (
				44B4698C1E6E8B1900FDD657 /* AppDelegate.swift */,
				44B4698E1E6E8B1900FDD657 /* ViewController.swift */,
				44B469901E6E8B1900FDD657 /* Main.storyboard */,
				44B469931E6E8B1900FDD657 /* Assets.xcassets */,
				44B469951E6E8B1900FDD657 /* LaunchScreen.storyboard */,
				44B469981E6E8B1900FDD657 /* Info.plist */,
			);
			path = PercentCalculator;
			sourceTree = "<group>";
		};
		44B469A01E6E8B1900FDD657 /* PercentCalculatorTests */ = {
			isa = PBXGroup;
			children = (
				44B469A11E6E8B1900FDD657 /* PercentCalculatorTests.swift */,
				44B469A31E6E8B1900FDD657 /* Info.plist */,
			);
			path = PercentCalculatorTests;
			sourceTree = "<group>";
		};
/* End PBXGroup section */

/* Begin PBXNativeTarget section */
		44B469881E6E8B1900FDD657 /* PercentCalculator */ = {
			isa = PBXNativeTarget;
			buildConfigurationList = 44B469A61E6E8B1900FDD657 /* Build configuration list for PBXNativeTarget "PercentCalculator" */;
			buildPhases = (
				44B469851E6E8B1900FDD657 /* Sources */,
				44B469861E6E8B1900FDD657 /* Frameworks */,
				44B469871E6E8B1900FDD657 /* Resources */,
			);
			buildRules = (
			);
			dependencies = (
			);
			name = PercentCalculator;
			productName = PercentCalculator;
			productReference = 44B469891E6E8B1900FDD657 /* PercentCalculator.app */;
			productType = "com.apple.product-type.application";
		};
		44B4699C1E6E8B1900FDD657 /* PercentCalculatorTests */ = {
			isa = PBXNativeTarget;
			buildConfigurationList = 44B469A91E6E8B1900FDD657 /* Build configuration list for PBXNativeTarget "PercentCalculatorTests" */;
			buildPhases = (
				44B469991E6E8B1900FDD657 /* Sources */,
				44B4699A1E6E8B1900FDD657 /* Frameworks */,
				44B4699B1E6E8B1900FDD657 /* Resources */,
			);
			buildRules = (
			);
			dependencies = (
				44B4699F1E6E8B1900FDD657 /* PBXTargetDependency */,
			);
			name = PercentCalculatorTests;
			productName = PercentCalculatorTests;
			productReference = 44B4699D1E6E8B1900FDD657 /* PercentCalculatorTests.xctest */;
			productType = "com.apple.product-type.bundle.unit-test";
		};
/* End PBXNativeTarget section */

/* Begin PBXProject section */
		44B469811E6E8B1900FDD657 /* Project object */ = {
			isa = PBXProject;
			attributes = {
				LastSwiftUpdateCheck = 0820;
				LastUpgradeCheck = 0820;
				ORGANIZATIONNAME = "Rahul Tamrakar";
				TargetAttributes = {
					44B469881E6E8B1900FDD657 = {
						CreatedOnToolsVersion = 8.2.1;
						ProvisioningStyle = Automatic;
					};
					44B4699C1E6E8B1900FDD657 = {
						CreatedOnToolsVersion = 8.2.1;
						ProvisioningStyle = Automatic;
						TestTargetID = 44B469881E6E8B1900FDD657;
					};
				};
			};
			buildConfigurationList = 44B469841E6E8B1900FDD657 /* Build configuration list for PBXProject "PercentCalculator" */;
			compatibilityVersion = "Xcode 3.2";
			developmentRegion = English;
			hasScannedForEncodings = 0;
			knownRegions = (
				en,
				Base,
			);
			mainGroup = 44B469801E6E8B1900FDD657;
			productRefGroup = 44B4698A1E6E8B1900FDD657 /* Products */;
			projectDirPath = "";
			projectRoot = "";
			targets = (
				44B469881E6E8B1900FDD657 /* PercentCalculator */,
				44B4699C1E6E8B1900FDD657 /* PercentCalculatorTests */,
			);
		};
/* End PBXProject section */

/* Begin PBXResourcesBuildPhase section */
		44B469871E6E8B1900FDD657 /* Resources */ = {
			isa = PBXResourcesBuildPhase;
			buildActionMask = 2147483647;
			files = (
				44B469971E6E8B1900FDD657 /* LaunchScreen.storyboard in Resources */,
				44B469941E6E8B1900FDD657 /* Assets.xcassets in Resources */,
				44B469921E6E8B1900FDD657 /* Main.storyboard in Resources */,
			);
			runOnlyForDeploymentPostprocessing = 0;
		};
		44B4699B1E6E8B1900FDD657 /* Resources */ = {
			isa = PBXResourcesBuildPhase;
			buildActionMask = 2147483647;
			files = (
			);
			runOnlyForDeploymentPostprocessing = 0;
		};
/* End PBXResourcesBuildPhase section */

/* Begin PBXSourcesBuildPhase section */
		44B469851E6E8B1900FDD657 /* Sources */ = {
			isa = PBXSourcesBuildPhase;
			buildActionMask = 2147483647;
			files = (
				44B4698F1E6E8B1900FDD657 /* ViewController.swift in Sources */,
				44B4698D1E6E8B1900FDD657 /* AppDelegate.swift in Sources */,
			);
			runOnlyForDeploymentPostprocessing = 0;
		};
		44B469991E6E8B1900FDD657 /* Sources */ = {
			isa = PBXSourcesBuildPhase;
			buildActionMask = 2147483647;
			files = (
				44B469A21E6E8B1900FDD657 /* PercentCalculatorTests.swift in Sources */,
			);
			runOnlyForDeploymentPostprocessing = 0;
		};
/* End PBXSourcesBuildPhase section */

/* Begin PBXTargetDependency section */
		44B4699F1E6E8B1900FDD657 /* PBXTargetDependency */ = {
			isa = PBXTargetDependency;
			target = 44B469881E6E8B1900FDD657 /* PercentCalculator */;
			targetProxy = 44B4699E1E6E8B1900FDD657 /* PBXContainerItemProxy */;
		};
/* End PBXTargetDependency section */

/* Begin PBXVariantGroup section */
		44B469901E6E8B1900FDD657 /* Main.storyboard */ = {
			isa = PBXVariantGroup;
			children = (
				44B469911E6E8B1900FDD657 /* Base */,
			);
			name = Main.storyboard;
			sourceTree = "<group>";
		};
		44B469951E6E8B1900FDD657 /* LaunchScreen.storyboard */ = {
			isa = PBXVariantGroup;
			children = (
				44B469961E6E8B1900FDD657 /* Base */,
			);
			name = LaunchScreen.storyboard;
			sourceTree = "<group>";
		};
/* End PBXVariantGroup section */

/* Begin XCBuildConfiguration section */
		44B469A41E6E8B1900FDD657 /* Debug */ = {
			isa = XCBuildConfiguration;
			buildSettings = {
				ALWAYS_SEARCH_USER_PATHS = NO;
				CLANG_ANALYZER_NONNULL = YES;
				CLANG_CXX_LANGUAGE_STANDARD = "gnu++0x";
				CLANG_CXX_LIBRARY = "libc++";
				CLANG_ENABLE_MODULES = YES;
				CLANG_ENABLE_OBJC_ARC = YES;
				CLANG_WARN_BOOL_CONVERSION = YES;
				CLANG_WARN_CONSTANT_CONVERSION = YES;
				CLANG_WARN_DIRECT_OBJC_ISA_USAGE = YES_ERROR;
				CLANG_WARN_DOCUMENTATION_COMMENTS = YES;
				CLANG_WARN_EMPTY_BODY = YES;
				CLANG_WARN_ENUM_CONVERSION = YES;
				CLANG_WARN_INFINITE_RECURSION = YES;
				CLANG_WARN_INT_CONVERSION = YES;
				CLANG_WARN_OBJC_ROOT_CLASS = YES_ERROR;
				CLANG_WARN_SUSPICIOUS_MOVE = YES;
				CLANG_WARN_UNREACHABLE_CODE = YES;
				CLANG_WARN__DUPLICATE_METHOD_MATCH = YES;
				"CODE_SIGN_IDENTITY[sdk=iphoneos*]" = "iPhone Developer";
				COPY_PHASE_STRIP = NO;
				DEBUG_INFORMATION_FORMAT = dwarf;
				ENABLE_STRICT_OBJC_MSGSEND = YES;
				ENABLE_TESTABILITY = YES;
				GCC_C_LANGUAGE_STANDARD = gnu99;
				GCC_DYNAMIC_NO_PIC = NO;
				GCC_NO_COMMON_BLOCKS = YES;
				GCC_OPTIMIZATION_LEVEL = 0;
				GCC_PREPROCESSOR_DEFINITIONS = (
					"DEBUG=1",
					"$(inherited)",
				);
				GCC_WARN_64_TO_32_BIT_CONVERSION = YES;
				GCC_WARN_ABOUT_RETURN_TYPE = YES_ERROR;
				GCC_WARN_UNDECLARED_SELECTOR = YES;
				GCC_WARN_UNINITIALIZED_AUTOS = YES_AGGRESSIVE;
				GCC_WARN_UNUSED_FUNCTION = YES;
				GCC_WARN_UNUSED_VARIABLE = YES;
				IPHONEOS_DEPLOYMENT_TARGET = 10.2;
				MTL_ENABLE_DEBUG_INFO = YES;
				ONLY_ACTIVE_ARCH = YES;
				SDKROOT = iphoneos;
				SWIFT_ACTIVE_COMPILATION_CONDITIONS = DEBUG;
				SWIFT_OPTIMIZATION_LEVEL = "-Onone";
			};
			name = Debug;
		};
		44B469A51E6E8B1900FDD657 /* Release */ = {
			isa = XCBuildConfiguration;
			buildSettings = {
				ALWAYS_SEARCH_USER_PATHS = NO;
				CLANG_ANALYZER_NONNULL = YES;
				CLANG_CXX_LANGUAGE_STANDARD = "gnu++0x";
				CLANG_CXX_LIBRARY = "libc++";
				CLANG_ENABLE_MODULES = YES;
				CLANG_ENABLE_OBJC_ARC = YES;
				CLANG_WARN_BOOL_CONVERSION = YES;
				CLANG_WARN_CONSTANT_CONVERSION = YES;
				CLANG_WARN_DIRECT_OBJC_ISA_USAGE = YES_ERROR;
				CLANG_WARN_DOCUMENTATION_COMMENTS = YES;
				CLANG_WARN_EMPTY_BODY = YES;
				CLANG_WARN_ENUM_CONVERSION = YES;
				CLANG_WARN_INFINITE_RECURSION = YES;
				CLANG_WARN_INT_CONVERSION = YES;
				CLANG_WARN_OBJC_ROOT_CLASS = YES_ERROR;
				CLANG_WARN_SUSPICIOUS_MOVE = YES;
				CLANG_WARN_UNREACHABLE_CODE = YES;
				CLANG_WARN__DUPLICATE_METHOD_MATCH = YES;
				"CODE_SIGN_IDENTITY[sdk=iphoneos*]" = "iPhone Developer";
				COPY_PHASE_STRIP = NO;
				DEBUG_INFORMATION_FORMAT = "dwarf-with-dsym";
				ENABLE_NS_ASSERTIONS = NO;
				ENABLE_STRICT_OBJC_MSGSEND = YES;
				GCC_C_LANGUAGE_STANDARD = gnu99;
				GCC_NO_COMMON_BLOCKS = YES;
				GCC_WARN_64_TO_32_BIT_CONVERSION = YES;
				GCC_WARN_ABOUT_RETURN_TYPE = YES_ERROR;
				GCC_WARN_UNDECLARED_SELECTOR = YES;
				GCC_WARN_UNINITIALIZED_AUTOS = YES_AGGRESSIVE;
				GCC_WARN_UNUSED_FUNCTION = YES;
				GCC_WARN_UNUSED_VARIABLE = YES;
				IPHONEOS_DEPLOYMENT_TARGET = 10.2;
				MTL_ENABLE_DEBUG_INFO = NO;
				SDKROOT = iphoneos;
				SWIFT_OPTIMIZATION_LEVEL = "-Owholemodule";
				VALIDATE_PRODUCT = YES;
			};
			name = Release;
		};
		44B469A71E6E8B1900FDD657 /* Debug */ = {
			isa = XCBuildConfiguration;
			buildSettings = {
				ASSETCATALOG_COMPILER_APPICON_NAME = AppIcon;
				INFOPLIST_FILE = PercentCalculator/Info.plist;
				IPHONEOS_DEPLOYMENT_TARGET = 10.0;
				LD_RUNPATH_SEARCH_PATHS = "$(inherited) @executable_path/Frameworks";
				PRODUCT_BUNDLE_IDENTIFIER = com.PercentCalculator;
				PRODUCT_NAME = "$(TARGET_NAME)";
				SWIFT_VERSION = 3.0;
			};
			name = Debug;
		};
		44B469A81E6E8B1900FDD657 /* Release */ = {
			isa = XCBuildConfiguration;
			buildSettings = {
				ASSETCATALOG_COMPILER_APPICON_NAME = AppIcon;
				INFOPLIST_FILE = PercentCalculator/Info.plist;
				IPHONEOS_DEPLOYMENT_TARGET = 10.0;
				LD_RUNPATH_SEARCH_PATHS = "$(inherited) @executable_path/Frameworks";
				PRODUCT_BUNDLE_IDENTIFIER = com.PercentCalculator;
				PRODUCT_NAME = "$(TARGET_NAME)";
				SWIFT_VERSION = 3.0;
			};
			name = Release;
		};
		44B469AA1E6E8B1900FDD657 /* Debug */ = {
			isa = XCBuildConfiguration;
			buildSettings = {
				ALWAYS_EMBED_SWIFT_STANDARD_LIBRARIES = YES;
				BUNDLE_LOADER = "$(TEST_HOST)";
				INFOPLIST_FILE = PercentCalculatorTests/Info.plist;
				LD_RUNPATH_SEARCH_PATHS = "$(inherited) @executable_path/Frameworks @loader_path/Frameworks";
				PRODUCT_BUNDLE_IDENTIFIER = com.PercentCalculatorTests;
				PRODUCT_NAME = "$(TARGET_NAME)";
				SWIFT_VERSION = 3.0;
				TEST_HOST = "$(BUILT_PRODUCTS_DIR)/PercentCalculator.app/PercentCalculator";
			};
			name = Debug;
		};
		44B469AB1E6E8B1900FDD657 /* Release */ = {
			isa = XCBuildConfiguration;
			buildSettings = {
				ALWAYS_EMBED_SWIFT_STANDARD_LIBRARIES = YES;
				BUNDLE_LOADER = "$(TEST_HOST)";
				INFOPLIST_FILE = PercentCalculatorTests/Info.plist;
				LD_RUNPATH_SEARCH_PATHS = "$(inherited) @executable_path/Frameworks @loader_path/Frameworks";
				PRODUCT_BUNDLE_IDENTIFIER = com.PercentCalculatorTests;
				PRODUCT_NAME = "$(TARGET_NAME)";
				SWIFT_VERSION = 3.0;
				TEST_HOST = "$(BUILT_PRODUCTS_DIR)/PercentCalculator.app/PercentCalculator";
			};
			name = Release;
		};
/* End XCBuildConfiguration section */

/* Begin XCConfigurationList section */
		44B469841E6E8B1900FDD657 /* Build configuration list for PBXProject "PercentCalculator" */ = {
			isa = XCConfigurationList;
			buildConfigurations = (
				44B469A41E6E8B1900FDD657 /* Debug */,
				44B469A51E6E8B1900FDD657 /* Release */,
			);
			defaultConfigurationIsVisible = 0;
			defaultConfigurationName = Release;
		};
		44B469A61E6E8B1900FDD657 /* Build configuration list for PBXNativeTarget "PercentCalculator" */ = {
			isa = XCConfigurationList;
			buildConfigurations = (
				44B469A71E6E8B1900FDD657 /* Debug */,
				44B469A81E6E8B1900FDD657 /* Release */,
			);
			defaultConfigurationIsVisible = 0;
		};
		44B469A91E6E8B1900FDD657 /* Build configuration list for PBXNativeTarget "PercentCalculatorTests" */ = {
			isa = XCConfigurationList;
			buildConfigurations = (
				44B469AA1E6E8B1900FDD657 /* Debug */,
				44B469AB1E6E8B1900FDD657 /* Release */,
			);
			defaultConfigurationIsVisible = 0;
		};
/* End XCConfigurationList section */
	};
	rootObject = 44B469811E6E8B1900FDD657 /* Project object */;
}
